
Microsoft Visual Studio Solution File, Format Version 12.00
# Visual Studio Version 17
VisualStudioVersion = 17.9.34701.34
MinimumVisualStudioVersion = 10.0.40219.1
Project("{FAE04EC0-301F-11D3-BF4B-00C04F79EFBC}") = "StringDivideWebApi", "StringDivideWebApi\StringDivideWebApi.csproj", "{64C03F22-0752-462F-8B68-2E66129E6D07}"
EndProject
Global
	GlobalSection(SolutionConfigurationPlatforms) = preSolution
		Debug|Any CPU = Debug|Any CPU
		Release|Any CPU = Release|Any CPU
	EndGlobalSection
	GlobalSection(ProjectConfigurationPlatforms) = postSolution
		{64C03F22-0752-462F-8B68-2E66129E6D07}.Debug|Any CPU.ActiveCfg = Debug|Any CPU
		{64C03F22-0752-462F-8B68-2E66129E6D07}.Debug|Any CPU.Build.0 = Debug|Any CPU
		{64C03F22-0752-462F-8B68-2E66129E6D07}.Release|Any CPU.ActiveCfg = Release|Any CPU
		{64C03F22-0752-462F-8B68-2E66129E6D07}.Release|Any CPU.Build.0 = Release|Any CPU
	EndGlobalSection
	GlobalSection(SolutionProperties) = preSolution
		HideSolutionNode = FALSE
	EndGlobalSection
	GlobalSection(ExtensibilityGlobals) = postSolution
		SolutionGuid = {1B5D35B9-7F50-4F17-BDE9-6CA19320BDDB}
	EndGlobalSection
EndGlobal
